
Microsoft Visual Studio Solution File, Format Version 12.00
Project("{FAE04EC0-301F-11D3-BF4B-00C04F79EFBC}") = "ClickHouse.BulkExtension", "src\ClickHouse.BulkExtension\ClickHouse.BulkExtension.csproj", "{281B131F-98C2-487D-B0B1-92EBD707554B}"
EndProject
Project("{FAE04EC0-301F-11D3-BF4B-00C04F79EFBC}") = "ClickHouse.BulkExtension.Tests", "ClickHouse.BulkExtension.Tests\ClickHouse.BulkExtension.Tests.csproj", "{66BC6F91-0505-46EA-804D-33944D176FF8}"
EndProject
Project("{FAE04EC0-301F-11D3-BF4B-00C04F79EFBC}") = "ClickHouse.BulkExtension.Benchmarks", "ClickHouse.BulkExtension.Benchmarks\ClickHouse.BulkExtension.Benchmarks.csproj", "{F1B45676-070B-48DE-8352-FEB08D617F73}"
EndProject
Project("{FAE04EC0-301F-11D3-BF4B-00C04F79EFBC}") = "ClickHouse.Client.BulkExtension", "src\ClickHouse.Client.BulkExtension\ClickHouse.Client.BulkExtension.csproj", "{9E7086EE-9C1B-4AC9-9C48-92263FE4AC60}"
EndProject
Project("{FAE04EC0-301F-11D3-BF4B-00C04F79EFBC}") = "ClickHouse.BulkExtension.ConsoleExample", "examples\ClickHouse.BulkExtension.ConsoleExample\ClickHouse.BulkExtension.ConsoleExample.csproj", "{3DA72F3E-88F7-4FB9-8C7E-7F8344789009}"
EndProject
Project("{FAE04EC0-301F-11D3-BF4B-00C04F79EFBC}") = "ClickHouse.BulkExtension.MinimalWebApi", "examples\ClickHouse.BulkExtension.MinimalWebApi\ClickHouse.BulkExtension.MinimalWebApi.csproj", "{AE0435C4-4256-45DD-AFF6-CA9E454FBE62}"
EndProject
Global
	GlobalSection(SolutionConfigurationPlatforms) = preSolution
		Debug|Any CPU = Debug|Any CPU
		Release|Any CPU = Release|Any CPU
	EndGlobalSection
	GlobalSection(ProjectConfigurationPlatforms) = postSolution
		{281B131F-98C2-487D-B0B1-92EBD707554B}.Debug|Any CPU.ActiveCfg = Debug|Any CPU
		{281B131F-98C2-487D-B0B1-92EBD707554B}.Debug|Any CPU.Build.0 = Debug|Any CPU
		{281B131F-98C2-487D-B0B1-92EBD707554B}.Release|Any CPU.ActiveCfg = Release|Any CPU
		{281B131F-98C2-487D-B0B1-92EBD707554B}.Release|Any CPU.Build.0 = Release|Any CPU
		{66BC6F91-0505-46EA-804D-33944D176FF8}.Debug|Any CPU.ActiveCfg = Debug|Any CPU
		{66BC6F91-0505-46EA-804D-33944D176FF8}.Debug|Any CPU.Build.0 = Debug|Any CPU
		{66BC6F91-0505-46EA-804D-33944D176FF8}.Release|Any CPU.ActiveCfg = Release|Any CPU
		{66BC6F91-0505-46EA-804D-33944D176FF8}.Release|Any CPU.Build.0 = Release|Any CPU
		{F1B45676-070B-48DE-8352-FEB08D617F73}.Debug|Any CPU.ActiveCfg = Debug|Any CPU
		{F1B45676-070B-48DE-8352-FEB08D617F73}.Debug|Any CPU.Build.0 = Debug|Any CPU
		{F1B45676-070B-48DE-8352-FEB08D617F73}.Release|Any CPU.ActiveCfg = Release|Any CPU
		{F1B45676-070B-48DE-8352-FEB08D617F73}.Release|Any CPU.Build.0 = Release|Any CPU
		{9E7086EE-9C1B-4AC9-9C48-92263FE4AC60}.Debug|Any CPU.ActiveCfg = Debug|Any CPU
		{9E7086EE-9C1B-4AC9-9C48-92263FE4AC60}.Debug|Any CPU.Build.0 = Debug|Any CPU
		{9E7086EE-9C1B-4AC9-9C48-92263FE4AC60}.Release|Any CPU.ActiveCfg = Release|Any CPU
		{9E7086EE-9C1B-4AC9-9C48-92263FE4AC60}.Release|Any CPU.Build.0 = Release|Any CPU
		{3DA72F3E-88F7-4FB9-8C7E-7F8344789009}.Debug|Any CPU.ActiveCfg = Debug|Any CPU
		{3DA72F3E-88F7-4FB9-8C7E-7F8344789009}.Debug|Any CPU.Build.0 = Debug|Any CPU
		{3DA72F3E-88F7-4FB9-8C7E-7F8344789009}.Release|Any CPU.ActiveCfg = Release|Any CPU
		{3DA72F3E-88F7-4FB9-8C7E-7F8344789009}.Release|Any CPU.Build.0 = Release|Any CPU
		{AE0435C4-4256-45DD-AFF6-CA9E454FBE62}.Debug|Any CPU.ActiveCfg = Debug|Any CPU
		{AE0435C4-4256-45DD-AFF6-CA9E454FBE62}.Debug|Any CPU.Build.0 = Debug|Any CPU
		{AE0435C4-4256-45DD-AFF6-CA9E454FBE62}.Release|Any CPU.ActiveCfg = Release|Any CPU
		{AE0435C4-4256-45DD-AFF6-CA9E454FBE62}.Release|Any CPU.Build.0 = Release|Any CPU
	EndGlobalSection
EndGlobal
